
Microsoft Visual Studio Solution File, Format Version 12.00
# Visual Studio 2012
Project("{2150E333-8FDC-42A3-9474-1A3956D46DE8}") = "SlnFiles", "SlnFiles", "{A7A44262-F4E1-4972-BEC6-7648512A1C65}"
	ProjectSection(SolutionItems) = preProject
		buildFonts.ps1 = buildFonts.ps1
	EndProjectSection
EndProject
Project("{2150E333-8FDC-42A3-9474-1A3956D46DE8}") = ".nuget", ".nuget", "{2AC59F14-9997-47DE-8EB3-0B18BEF3879B}"
	ProjectSection(SolutionItems) = preProject
		.nuget\NuGet.Config = .nuget\NuGet.Config
		.nuget\NuGet.exe = .nuget\NuGet.exe
		.nuget\NuGet.targets = .nuget\NuGet.targets
	EndProjectSection
EndProject
Project("{FAE04EC0-301F-11D3-BF4B-00C04F79EFBC}") = "FontasticTests", "fontasticTests\FontasticTests.csproj", "{A7FE33E4-A737-4FBE-85AF-20B5505F58AF}"
EndProject
Project("{FAE04EC0-301F-11D3-BF4B-00C04F79EFBC}") = "FontasticWeb", "fontasticWeb\FontasticWeb.csproj", "{930629C4-B59B-46C0-A7BA-1FB4A0CAAE66}"
EndProject
Project("{FAE04EC0-301F-11D3-BF4B-00C04F79EFBC}") = "Fontastic", "fontastic\Fontastic.csproj", "{1CAF9F69-F8A6-4801-89B0-A054DAE57A8E}"
EndProject
Global
	GlobalSection(SolutionConfigurationPlatforms) = preSolution
		Debug|Any CPU = Debug|Any CPU
		Release|Any CPU = Release|Any CPU
	EndGlobalSection
	GlobalSection(ProjectConfigurationPlatforms) = postSolution
		{A7FE33E4-A737-4FBE-85AF-20B5505F58AF}.Debug|Any CPU.ActiveCfg = Debug|Any CPU
		{A7FE33E4-A737-4FBE-85AF-20B5505F58AF}.Debug|Any CPU.Build.0 = Debug|Any CPU
		{A7FE33E4-A737-4FBE-85AF-20B5505F58AF}.Release|Any CPU.ActiveCfg = Release|Any CPU
		{A7FE33E4-A737-4FBE-85AF-20B5505F58AF}.Release|Any CPU.Build.0 = Release|Any CPU
		{930629C4-B59B-46C0-A7BA-1FB4A0CAAE66}.Debug|Any CPU.ActiveCfg = Debug|Any CPU
		{930629C4-B59B-46C0-A7BA-1FB4A0CAAE66}.Debug|Any CPU.Build.0 = Debug|Any CPU
		{930629C4-B59B-46C0-A7BA-1FB4A0CAAE66}.Release|Any CPU.ActiveCfg = Release|Any CPU
		{930629C4-B59B-46C0-A7BA-1FB4A0CAAE66}.Release|Any CPU.Build.0 = Release|Any CPU
		{1CAF9F69-F8A6-4801-89B0-A054DAE57A8E}.Debug|Any CPU.ActiveCfg = Debug|Any CPU
		{1CAF9F69-F8A6-4801-89B0-A054DAE57A8E}.Debug|Any CPU.Build.0 = Debug|Any CPU
		{1CAF9F69-F8A6-4801-89B0-A054DAE57A8E}.Release|Any CPU.ActiveCfg = Release|Any CPU
		{1CAF9F69-F8A6-4801-89B0-A054DAE57A8E}.Release|Any CPU.Build.0 = Release|Any CPU
	EndGlobalSection
	GlobalSection(SolutionProperties) = preSolution
		HideSolutionNode = FALSE
	EndGlobalSection
EndGlobal
